
Microsoft Visual Studio Solution File, Format Version 12.00
# Visual Studio Version 16
VisualStudioVersion = 16.0.31729.503
MinimumVisualStudioVersion = 10.0.40219.1
Project("{FAE04EC0-301F-11D3-BF4B-00C04F79EFBC}") = "HockeyShop1", "HockeyShop1.csproj", "{C1662BB6-9BF5-4C6B-A9DF-4AB7EDD11BCE}"
EndProject
Global
	GlobalSection(SolutionConfigurationPlatforms) = preSolution
		Debug|Any CPU = Debug|Any CPU
		Release|Any CPU = Release|Any CPU
	EndGlobalSection
	GlobalSection(ProjectConfigurationPlatforms) = postSolution
		{C1662BB6-9BF5-4C6B-A9DF-4AB7EDD11BCE}.Debug|Any CPU.ActiveCfg = Debug|Any CPU
		{C1662BB6-9BF5-4C6B-A9DF-4AB7EDD11BCE}.Debug|Any CPU.Build.0 = Debug|Any CPU
		{C1662BB6-9BF5-4C6B-A9DF-4AB7EDD11BCE}.Release|Any CPU.ActiveCfg = Release|Any CPU
		{C1662BB6-9BF5-4C6B-A9DF-4AB7EDD11BCE}.Release|Any CPU.Build.0 = Release|Any CPU
	EndGlobalSection
	GlobalSection(SolutionProperties) = preSolution
		HideSolutionNode = FALSE
	EndGlobalSection
	GlobalSection(ExtensibilityGlobals) = postSolution
		SolutionGuid = {29E55127-C4E5-4942-8EA3-3BFE25D08249}
	EndGlobalSection
EndGlobal
